
Microsoft Visual Studio Solution File, Format Version 12.00
Project("{FAE04EC0-301F-11D3-BF4B-00C04F79EFBC}") = "Lab7", "Lab7\Lab7.csproj", "{A414C6A8-237C-490F-ACB0-B6AB6745241A}"
EndProject
Global
	GlobalSection(SolutionConfigurationPlatforms) = preSolution
		Debug|Any CPU = Debug|Any CPU
		Release|Any CPU = Release|Any CPU
	EndGlobalSection
	GlobalSection(ProjectConfigurationPlatforms) = postSolution
		{A414C6A8-237C-490F-ACB0-B6AB6745241A}.Debug|Any CPU.ActiveCfg = Debug|Any CPU
		{A414C6A8-237C-490F-ACB0-B6AB6745241A}.Debug|Any CPU.Build.0 = Debug|Any CPU
		{A414C6A8-237C-490F-ACB0-B6AB6745241A}.Release|Any CPU.ActiveCfg = Release|Any CPU
		{A414C6A8-237C-490F-ACB0-B6AB6745241A}.Release|Any CPU.Build.0 = Release|Any CPU
	EndGlobalSection
EndGlobal
